{
  "name": "light",
  "version": "1.0.0",
  "lockfileVersion": 1,
  "requires": true,
  "dependencies": {
    "clone": {
      "version": "1.0.4",
      "resolved": "https://registry.npmjs.org/clone/-/clone-1.0.4.tgz",
      "integrity": "sha1-2jCcwmPfFZlMaIypAheco8fNfH4="
    },
    "config": {
      "version": "1.30.0",
      "resolved": "https://registry.npmjs.org/config/-/config-1.30.0.tgz",
      "integrity": "sha1-HWCp81NIoTwXV5jThOgaWhbDum4=",
      "requires": {
        "json5": "0.4.0",
        "os-homedir": "1.0.2"
      }
    },
    "json5": {
      "version": "0.4.0",
      "resolved": "https://registry.npmjs.org/json5/-/json5-0.4.0.tgz",
      "integrity": "sha1-BUNS5MTIDIbAkjh31EneF2pzLI0="
    },
    "lifx": {
      "version": "0.3.1",
      "resolved": "https://registry.npmjs.org/lifx/-/lifx-0.3.1.tgz",
      "integrity": "sha1-GoHswGshFekiB0P0UH39dffMYWo=",
      "requires": {
        "clone": "1.0.4",
        "underscore": "1.6.0"
      }
    },
    "nan": {
      "version": "2.10.0",
      "resolved": "https://registry.npmjs.org/nan/-/nan-2.10.0.tgz",
      "integrity": "sha512-bAdJv7fBLhWC+/Bls0Oza+mvTaNQtP+1RyhhhvD95pgUJz6XM5IzgmxOkItJ9tkoCiplvAnXI1tNmmUD/eScyA=="
    },
    "node-dash-button": {
      "version": "0.6.1",
      "resolved": "https://registry.npmjs.org/node-dash-button/-/node-dash-button-0.6.1.tgz",
      "integrity": "sha1-09pBAPnx82Yz2no867oqA8VPesY=",
      "requires": {
        "pcap": "git+https://github.com/mranney/node_pcap.git#b4eb828fbfb3ad9a253351aa38cb41c203589712",
        "underscore": "1.8.3"
      },
      "dependencies": {
        "underscore": {
          "version": "1.8.3",
          "resolved": "https://registry.npmjs.org/underscore/-/underscore-1.8.3.tgz",
          "integrity": "sha1-Tz+1OxBuYJf8+ctBCfKl6b36UCI="
        }
      }
    },
    "os-homedir": {
      "version": "1.0.2",
      "resolved": "https://registry.npmjs.org/os-homedir/-/os-homedir-1.0.2.tgz",
      "integrity": "sha1-/7xJiDNuDoM94MFox+8VISGqf7M="
    },
    "pcap": {
      "version": "git+https://github.com/mranney/node_pcap.git#b4eb828fbfb3ad9a253351aa38cb41c203589712",
      "requires": {
        "nan": "2.10.0",
        "socketwatcher": "0.3.0"
      }
    },
    "socketwatcher": {
      "version": "0.3.0",
      "resolved": "https://registry.npmjs.org/socketwatcher/-/socketwatcher-0.3.0.tgz",
      "integrity": "sha1-SeVhQFj8qrGdZAs3QiWk7qS0t4o=",
      "requires": {
        "nan": "2.10.0"
      }
    },
    "underscore": {
      "version": "1.6.0",
      "resolved": "https://registry.npmjs.org/underscore/-/underscore-1.6.0.tgz",
      "integrity": "sha1-izixDKze9jM3uLJOT/htRa6lKag="
    }
  }
}
